
Microsoft Visual Studio Solution File, Format Version 12.00
# Visual Studio Version 17
VisualStudioVersion = 17.14.37710.0 d17.14
MinimumVisualStudioVersion = 10.0.40219.1
Project("{FAE04EC0-301F-11D3-BF4B-00C04F79EFBC}") = "hotelBooking", "hotelBooking\hotelBooking.csproj", "{808F3683-8FA0-4448-8F61-CBC3F553BFAB}"
EndProject
Global
	GlobalSection(SolutionConfigurationPlatforms) = preSolution
		Debug|Any CPU = Debug|Any CPU
		Release|Any CPU = Release|Any CPU
	EndGlobalSection
	GlobalSection(ProjectConfigurationPlatforms) = postSolution
		{808F3683-8FA0-4448-8F61-CBC3F553BFAB}.Debug|Any CPU.ActiveCfg = Debug|Any CPU
		{808F3683-8FA0-4448-8F61-CBC3F553BFAB}.Debug|Any CPU.Build.0 = Debug|Any CPU
		{808F3683-8FA0-4448-8F61-CBC3F553BFAB}.Release|Any CPU.ActiveCfg = Release|Any CPU
		{808F3683-8FA0-4448-8F61-CBC3F553BFAB}.Release|Any CPU.Build.0 = Release|Any CPU
	EndGlobalSection
	GlobalSection(SolutionProperties) = preSolution
		HideSolutionNode = FALSE
	EndGlobalSection
	GlobalSection(ExtensibilityGlobals) = postSolution
		SolutionGuid = {F9DE18FC-6A05-4BD6-993E-8DE29D6E1753}
	EndGlobalSection
EndGlobal
